// !$*UTF8*$!
{
	archiveVersion = 1;
	classes = {
	};
	objectVersion = 56;
	objects = {

/* Begin PBXBuildFile section */
		799758B12B8C291600A7F8D7 /* stepaheadappApp.swift in Sources */ = {isa = PBXBuildFile; fileRef = 799758B02B8C291600A7F8D7 /* stepaheadappApp.swift */; };
		799758B32B8C291600A7F8D7 /* ContentView.swift in Sources */ = {isa = PBXBuildFile; fileRef = 799758B22B8C291600A7F8D7 /* ContentView.swift */; };
		799758B52B8C291700A7F8D7 /* Assets.xcassets in Resources */ = {isa = PBXBuildFile; fileRef = 799758B42B8C291700A7F8D7 /* Assets.xcassets */; };
		799758B82B8C291700A7F8D7 /* Preview Assets.xcassets in Resources */ = {isa = PBXBuildFile; fileRef = 799758B72B8C291700A7F8D7 /* Preview Assets.xcassets */; };
		799758C22B8C291700A7F8D7 /* stepaheadappTests.swift in Sources */ = {isa = PBXBuildFile; fileRef = 799758C12B8C291700A7F8D7 /* stepaheadappTests.swift */; };
		799758CC2B8C291700A7F8D7 /* stepaheadappUITests.swift in Sources */ = {isa = PBXBuildFile; fileRef = 799758CB2B8C291700A7F8D7 /* stepaheadappUITests.swift */; };
		799758CE2B8C291700A7F8D7 /* stepaheadappUITestsLaunchTests.swift in Sources */ = {isa = PBXBuildFile; fileRef = 799758CD2B8C291700A7F8D7 /* stepaheadappUITestsLaunchTests.swift */; };
		799758DB2B8C293E00A7F8D7 /* extractetails.swift in Sources */ = {isa = PBXBuildFile; fileRef = 799758DA2B8C293E00A7F8D7 /* extractetails.swift */; };
		799758DD2B8C295900A7F8D7 /* ExtractedList.swift in Sources */ = {isa = PBXBuildFile; fileRef = 799758DC2B8C295900A7F8D7 /* ExtractedList.swift */; };
		799758DF2B8C297700A7F8D7 /* extractxt.swift in Sources */ = {isa = PBXBuildFile; fileRef = 799758DE2B8C297700A7F8D7 /* extractxt.swift */; };
		799758E12B8C299000A7F8D7 /* Onboarding.swift in Sources */ = {isa = PBXBuildFile; fileRef = 799758E02B8C299000A7F8D7 /* Onboarding.swift */; };
		799758E32B8C29B100A7F8D7 /* Splash.swift in Sources */ = {isa = PBXBuildFile; fileRef = 799758E22B8C29B100A7F8D7 /* Splash.swift */; };
/* End PBXBuildFile section */

/* Begin PBXContainerItemProxy section */
		799758BE2B8C291700A7F8D7 /* PBXContainerItemProxy */ = {
			isa = PBXContainerItemProxy;
			containerPortal = 799758A52B8C291600A7F8D7 /* Project object */;
			proxyType = 1;
			remoteGlobalIDString = 799758AC2B8C291600A7F8D7;
			remoteInfo = stepaheadapp;
		};
		799758C82B8C291700A7F8D7 /* PBXContainerItemProxy */ = {
			isa = PBXContainerItemProxy;
			containerPortal = 799758A52B8C291600A7F8D7 /* Project object */;
			proxyType = 1;
			remoteGlobalIDString = 799758AC2B8C291600A7F8D7;
			remoteInfo = stepaheadapp;
		};
/* End PBXContainerItemProxy section */

/* Begin PBXFileReference section */
		799758AD2B8C291600A7F8D7 /* stepaheadapp.app */ = {isa = PBXFileReference; explicitFileType = wrapper.application; includeInIndex = 0; path = stepaheadapp.app; sourceTree = BUILT_PRODUCTS_DIR; };
		799758B02B8C291600A7F8D7 /* stepaheadappApp.swift */ = {isa = PBXFileReference; lastKnownFileType = sourcecode.swift; path = stepaheadappApp.swift; sourceTree = "<group>"; };
		799758B22B8C291600A7F8D7 /* ContentView.swift */ = {isa = PBXFileReference; lastKnownFileType = sourcecode.swift; path = ContentView.swift; sourceTree = "<group>"; };
		799758B42B8C291700A7F8D7 /* Assets.xcassets */ = {isa = PBXFileReference; lastKnownFileType = folder.assetcatalog; path = Assets.xcassets; sourceTree = "<group>"; };
		799758B72B8C291700A7F8D7 /* Preview Assets.xcassets */ = {isa = PBXFileReference; lastKnownFileType = folder.assetcatalog; path = "Preview Assets.xcassets"; sourceTree = "<group>"; };
		799758BD2B8C291700A7F8D7 /* stepaheadappTests.xctest */ = {isa = PBXFileReference; explicitFileType = wrapper.cfbundle; includeInIndex = 0; path = stepaheadappTests.xctest; sourceTree = BUILT_PRODUCTS_DIR; };
		799758C12B8C291700A7F8D7 /* stepaheadappTests.swift */ = {isa = PBXFileReference; lastKnownFileType = sourcecode.swift; path = stepaheadappTests.swift; sourceTree = "<group>"; };
		799758C72B8C291700A7F8D7 /* stepaheadappUITests.xctest */ = {isa = PBXFileReference; explicitFileType = wrapper.cfbundle; includeInIndex = 0; path = stepaheadappUITests.xctest; sourceTree = BUILT_PRODUCTS_DIR; };
		799758CB2B8C291700A7F8D7 /* stepaheadappUITests.swift */ = {isa = PBXFileReference; lastKnownFileType = sourcecode.swift; path = stepaheadappUITests.swift; sourceTree = "<group>"; };
		799758CD2B8C291700A7F8D7 /* stepaheadappUITestsLaunchTests.swift */ = {isa = PBXFileReference; lastKnownFileType = sourcecode.swift; path = stepaheadappUITestsLaunchTests.swift; sourceTree = "<group>"; };
		799758DA2B8C293E00A7F8D7 /* extractetails.swift */ = {isa = PBXFileReference; lastKnownFileType = sourcecode.swift; path = extractetails.swift; sourceTree = "<group>"; };
		799758DC2B8C295900A7F8D7 /* ExtractedList.swift */ = {isa = PBXFileReference; lastKnownFileType = sourcecode.swift; path = ExtractedList.swift; sourceTree = "<group>"; };
		799758DE2B8C297700A7F8D7 /* extractxt.swift */ = {isa = PBXFileReference; lastKnownFileType = sourcecode.swift; path = extractxt.swift; sourceTree = "<group>"; };
		799758E02B8C299000A7F8D7 /* Onboarding.swift */ = {isa = PBXFileReference; lastKnownFileType = sourcecode.swift; path = Onboarding.swift; sourceTree = "<group>"; };
		799758E22B8C29B100A7F8D7 /* Splash.swift */ = {isa = PBXFileReference; lastKnownFileType = sourcecode.swift; path = Splash.swift; sourceTree = "<group>"; };
/* End PBXFileReference section */

/* Begin PBXFrameworksBuildPhase section */
		799758AA2B8C291600A7F8D7 /* Frameworks */ = {
			isa = PBXFrameworksBuildPhase;
			buildActionMask = 2147483647;
			files = (
			);
			runOnlyForDeploymentPostprocessing = 0;
		};
		799758BA2B8C291700A7F8D7 /* Frameworks */ = {
			isa = PBXFrameworksBuildPhase;
			buildActionMask = 2147483647;
			files = (
			);
			runOnlyForDeploymentPostprocessing = 0;
		};
		799758C42B8C291700A7F8D7 /* Frameworks */ = {
			isa = PBXFrameworksBuildPhase;
			buildActionMask = 2147483647;
			files = (
			);
			runOnlyForDeploymentPostprocessing = 0;
		};
/* End PBXFrameworksBuildPhase section */

/* Begin PBXGroup section */
		799758A42B8C291600A7F8D7 = {
			isa = PBXGroup;
			children = (
				799758AF2B8C291600A7F8D7 /* stepaheadapp */,
				799758C02B8C291700A7F8D7 /* stepaheadappTests */,
				799758CA2B8C291700A7F8D7 /* stepaheadappUITests */,
				799758AE2B8C291600A7F8D7 /* Products */,
			);
			sourceTree = "<group>";
		};
		799758AE2B8C291600A7F8D7 /* Products */ = {
			isa = PBXGroup;
			children = (
				799758AD2B8C291600A7F8D7 /* stepaheadapp.app */,
				799758BD2B8C291700A7F8D7 /* stepaheadappTests.xctest */,
				799758C72B8C291700A7F8D7 /* stepaheadappUITests.xctest */,
			);
			name = Products;
			sourceTree = "<group>";
		};
		799758AF2B8C291600A7F8D7 /* stepaheadapp */ = {
			isa = PBXGroup;
			children = (
				799758B02B8C291600A7F8D7 /* stepaheadappApp.swift */,
				799758B22B8C291600A7F8D7 /* ContentView.swift */,
				799758DA2B8C293E00A7F8D7 /* extractetails.swift */,
				799758DC2B8C295900A7F8D7 /* ExtractedList.swift */,
				799758DE2B8C297700A7F8D7 /* extractxt.swift */,
				799758E02B8C299000A7F8D7 /* Onboarding.swift */,
				799758E22B8C29B100A7F8D7 /* Splash.swift */,
				799758B42B8C291700A7F8D7 /* Assets.xcassets */,
				799758B62B8C291700A7F8D7 /* Preview Content */,
			);
			path = stepaheadapp;
			sourceTree = "<group>";
		};
		799758B62B8C291700A7F8D7 /* Preview Content */ = {
			isa = PBXGroup;
			children = (
				799758B72B8C291700A7F8D7 /* Preview Assets.xcassets */,
			);
			path = "Preview Content";
			sourceTree = "<group>";
		};
		799758C02B8C291700A7F8D7 /* stepaheadappTests */ = {
			isa = PBXGroup;
			children = (
				799758C12B8C291700A7F8D7 /* stepaheadappTests.swift */,
			);
			path = stepaheadappTests;
			sourceTree = "<group>";
		};
		799758CA2B8C291700A7F8D7 /* stepaheadappUITests */ = {
			isa = PBXGroup;
			children = (
				799758CB2B8C291700A7F8D7 /* stepaheadappUITests.swift */,
				799758CD2B8C291700A7F8D7 /* stepaheadappUITestsLaunchTests.swift */,
			);
			path = stepaheadappUITests;
			sourceTree = "<group>";
		};
/* End PBXGroup section */

/* Begin PBXNativeTarget section */
		799758AC2B8C291600A7F8D7 /* stepaheadapp */ = {
			isa = PBXNativeTarget;
			buildConfigurationList = 799758D12B8C291700A7F8D7 /* Build configuration list for PBXNativeTarget "stepaheadapp" */;
			buildPhases = (
				799758A92B8C291600A7F8D7 /* Sources */,
				799758AA2B8C291600A7F8D7 /* Frameworks */,
				799758AB2B8C291600A7F8D7 /* Resources */,
			);
			buildRules = (
			);
			dependencies = (
			);
			name = stepaheadapp;
			productName = stepaheadapp;
			productReference = 799758AD2B8C291600A7F8D7 /* stepaheadapp.app */;
			productType = "com.apple.product-type.application";
		};
		799758BC2B8C291700A7F8D7 /* stepaheadappTests */ = {
			isa = PBXNativeTarget;
			buildConfigurationList = 799758D42B8C291700A7F8D7 /* Build configuration list for PBXNativeTarget "stepaheadappTests" */;
			buildPhases = (
				799758B92B8C291700A7F8D7 /* Sources */,
				799758BA2B8C291700A7F8D7 /* Frameworks */,
				799758BB2B8C291700A7F8D7 /* Resources */,
			);
			buildRules = (
			);
			dependencies = (
				799758BF2B8C291700A7F8D7 /* PBXTargetDependency */,
			);
			name = stepaheadappTests;
			productName = stepaheadappTests;
			productReference = 799758BD2B8C291700A7F8D7 /* stepaheadappTests.xctest */;
			productType = "com.apple.product-type.bundle.unit-test";
		};
		799758C62B8C291700A7F8D7 /* stepaheadappUITests */ = {
			isa = PBXNativeTarget;
			buildConfigurationList = 799758D72B8C291700A7F8D7 /* Build configuration list for PBXNativeTarget "stepaheadappUITests" */;
			buildPhases = (
				799758C32B8C291700A7F8D7 /* Sources */,
				799758C42B8C291700A7F8D7 /* Frameworks */,
				799758C52B8C291700A7F8D7 /* Resources */,
			);
			buildRules = (
			);
			dependencies = (
				799758C92B8C291700A7F8D7 /* PBXTargetDependency */,
			);
			name = stepaheadappUITests;
			productName = stepaheadappUITests;
			productReference = 799758C72B8C291700A7F8D7 /* stepaheadappUITests.xctest */;
			productType = "com.apple.product-type.bundle.ui-testing";
		};
/* End PBXNativeTarget section */

/* Begin PBXProject section */
		799758A52B8C291600A7F8D7 /* Project object */ = {
			isa = PBXProject;
			attributes = {
				BuildIndependentTargetsInParallel = 1;
				LastSwiftUpdateCheck = 1510;
				LastUpgradeCheck = 1510;
				TargetAttributes = {
					799758AC2B8C291600A7F8D7 = {
						CreatedOnToolsVersion = 15.1;
					};
					799758BC2B8C291700A7F8D7 = {
						CreatedOnToolsVersion = 15.1;
						TestTargetID = 799758AC2B8C291600A7F8D7;
					};
					799758C62B8C291700A7F8D7 = {
						CreatedOnToolsVersion = 15.1;
						TestTargetID = 799758AC2B8C291600A7F8D7;
					};
				};
			};
			buildConfigurationList = 799758A82B8C291600A7F8D7 /* Build configuration list for PBXProject "stepaheadapp" */;
			compatibilityVersion = "Xcode 14.0";
			developmentRegion = en;
			hasScannedForEncodings = 0;
			knownRegions = (
				en,
				Base,
			);
			mainGroup = 799758A42B8C291600A7F8D7;
			productRefGroup = 799758AE2B8C291600A7F8D7 /* Products */;
			projectDirPath = "";
			projectRoot = "";
			targets = (
				799758AC2B8C291600A7F8D7 /* stepaheadapp */,
				799758BC2B8C291700A7F8D7 /* stepaheadappTests */,
				799758C62B8C291700A7F8D7 /* stepaheadappUITests */,
			);
		};
/* End PBXProject section */

/* Begin PBXResourcesBuildPhase section */
		799758AB2B8C291600A7F8D7 /* Resources */ = {
			isa = PBXResourcesBuildPhase;
			buildActionMask = 2147483647;
			files = (
				799758B82B8C291700A7F8D7 /* Preview Assets.xcassets in Resources */,
				799758B52B8C291700A7F8D7 /* Assets.xcassets in Resources */,
			);
			runOnlyForDeploymentPostprocessing = 0;
		};
		799758BB2B8C291700A7F8D7 /* Resources */ = {
			isa = PBXResourcesBuildPhase;
			buildActionMask = 2147483647;
			files = (
			);
			runOnlyForDeploymentPostprocessing = 0;
		};
		799758C52B8C291700A7F8D7 /* Resources */ = {
			isa = PBXResourcesBuildPhase;
			buildActionMask = 2147483647;
			files = (
			);
			runOnlyForDeploymentPostprocessing = 0;
		};
/* End PBXResourcesBuildPhase section */

/* Begin PBXSourcesBuildPhase section */
		799758A92B8C291600A7F8D7 /* Sources */ = {
			isa = PBXSourcesBuildPhase;
			buildActionMask = 2147483647;
			files = (
				799758E32B8C29B100A7F8D7 /* Splash.swift in Sources */,
				799758E12B8C299000A7F8D7 /* Onboarding.swift in Sources */,
				799758B32B8C291600A7F8D7 /* ContentView.swift in Sources */,
				799758B12B8C291600A7F8D7 /* stepaheadappApp.swift in Sources */,
				799758DD2B8C295900A7F8D7 /* ExtractedList.swift in Sources */,
				799758DF2B8C297700A7F8D7 /* extractxt.swift in Sources */,
				799758DB2B8C293E00A7F8D7 /* extractetails.swift in Sources */,
			);
			runOnlyForDeploymentPostprocessing = 0;
		};
		799758B92B8C291700A7F8D7 /* Sources */ = {
			isa = PBXSourcesBuildPhase;
			buildActionMask = 2147483647;
			files = (
				799758C22B8C291700A7F8D7 /* stepaheadappTests.swift in Sources */,
			);
			runOnlyForDeploymentPostprocessing = 0;
		};
		799758C32B8C291700A7F8D7 /* Sources */ = {
			isa = PBXSourcesBuildPhase;
			buildActionMask = 2147483647;
			files = (
				799758CE2B8C291700A7F8D7 /* stepaheadappUITestsLaunchTests.swift in Sources */,
				799758CC2B8C291700A7F8D7 /* stepaheadappUITests.swift in Sources */,
			);
			runOnlyForDeploymentPostprocessing = 0;
		};
/* End PBXSourcesBuildPhase section */

/* Begin PBXTargetDependency section */
		799758BF2B8C291700A7F8D7 /* PBXTargetDependency */ = {
			isa = PBXTargetDependency;
			target = 799758AC2B8C291600A7F8D7 /* stepaheadapp */;
			targetProxy = 799758BE2B8C291700A7F8D7 /* PBXContainerItemProxy */;
		};
		799758C92B8C291700A7F8D7 /* PBXTargetDependency */ = {
			isa = PBXTargetDependency;
			target = 799758AC2B8C291600A7F8D7 /* stepaheadapp */;
			targetProxy = 799758C82B8C291700A7F8D7 /* PBXContainerItemProxy */;
		};
/* End PBXTargetDependency section */

/* Begin XCBuildConfiguration section */
		799758CF2B8C291700A7F8D7 /* Debug */ = {
			isa = XCBuildConfiguration;
			buildSettings = {
				ALWAYS_SEARCH_USER_PATHS = NO;
				ASSETCATALOG_COMPILER_GENERATE_SWIFT_ASSET_SYMBOL_EXTENSIONS = YES;
				CLANG_ANALYZER_NONNULL = YES;
				CLANG_ANALYZER_NUMBER_OBJECT_CONVERSION = YES_AGGRESSIVE;
				CLANG_CXX_LANGUAGE_STANDARD = "gnu++20";
				CLANG_ENABLE_MODULES = YES;
				CLANG_ENABLE_OBJC_ARC = YES;
				CLANG_ENABLE_OBJC_WEAK = YES;
				CLANG_WARN_BLOCK_CAPTURE_AUTORELEASING = YES;
				CLANG_WARN_BOOL_CONVERSION = YES;
				CLANG_WARN_COMMA = YES;
				CLANG_WARN_CONSTANT_CONVERSION = YES;
				CLANG_WARN_DEPRECATED_OBJC_IMPLEMENTATIONS = YES;
				CLANG_WARN_DIRECT_OBJC_ISA_USAGE = YES_ERROR;
				CLANG_WARN_DOCUMENTATION_COMMENTS = YES;
				CLANG_WARN_EMPTY_BODY = YES;
				CLANG_WARN_ENUM_CONVERSION = YES;
				CLANG_WARN_INFINITE_RECURSION = YES;
				CLANG_WARN_INT_CONVERSION = YES;
				CLANG_WARN_NON_LITERAL_NULL_CONVERSION = YES;
				CLANG_WARN_OBJC_IMPLICIT_RETAIN_SELF = YES;
				CLANG_WARN_OBJC_LITERAL_CONVERSION = YES;
				CLANG_WARN_OBJC_ROOT_CLASS = YES_ERROR;
				CLANG_WARN_QUOTED_INCLUDE_IN_FRAMEWORK_HEADER = YES;
				CLANG_WARN_RANGE_LOOP_ANALYSIS = YES;
				CLANG_WARN_STRICT_PROTOTYPES = YES;
				CLANG_WARN_SUSPICIOUS_MOVE = YES;
				CLANG_WARN_UNGUARDED_AVAILABILITY = YES_AGGRESSIVE;
				CLANG_WARN_UNREACHABLE_CODE = YES;
				CLANG_WARN__DUPLICATE_METHOD_MATCH = YES;
				COPY_PHASE_STRIP = NO;
				DEBUG_INFORMATION_FORMAT = dwarf;
				ENABLE_STRICT_OBJC_MSGSEND = YES;
				ENABLE_TESTABILITY = YES;
				ENABLE_USER_SCRIPT_SANDBOXING = YES;
				GCC_C_LANGUAGE_STANDARD = gnu17;
				GCC_DYNAMIC_NO_PIC = NO;
				GCC_NO_COMMON_BLOCKS = YES;
				GCC_OPTIMIZATION_LEVEL = 0;
				GCC_PREPROCESSOR_DEFINITIONS = (
					"DEBUG=1",
					"$(inherited)",
				);
				GCC_WARN_64_TO_32_BIT_CONVERSION = YES;
				GCC_WARN_ABOUT_RETURN_TYPE = YES_ERROR;
				GCC_WARN_UNDECLARED_SELECTOR = YES;
				GCC_WARN_UNINITIALIZED_AUTOS = YES_AGGRESSIVE;
				GCC_WARN_UNUSED_FUNCTION = YES;
				GCC_WARN_UNUSED_VARIABLE = YES;
				IPHONEOS_DEPLOYMENT_TARGET = 17.2;
				LOCALIZATION_PREFERS_STRING_CATALOGS = YES;
				MTL_ENABLE_DEBUG_INFO = INCLUDE_SOURCE;
				MTL_FAST_MATH = YES;
				ONLY_ACTIVE_ARCH = YES;
				SDKROOT = iphoneos;
				SWIFT_ACTIVE_COMPILATION_CONDITIONS = "DEBUG $(inherited)";
				SWIFT_OPTIMIZATION_LEVEL = "-Onone";
			};
			name = Debug;
		};
		799758D02B8C291700A7F8D7 /* Release */ = {
			isa = XCBuildConfiguration;
			buildSettings = {
				ALWAYS_SEARCH_USER_PATHS = NO;
				ASSETCATALOG_COMPILER_GENERATE_SWIFT_ASSET_SYMBOL_EXTENSIONS = YES;
				CLANG_ANALYZER_NONNULL = YES;
				CLANG_ANALYZER_NUMBER_OBJECT_CONVERSION = YES_AGGRESSIVE;
				CLANG_CXX_LANGUAGE_STANDARD = "gnu++20";
				CLANG_ENABLE_MODULES = YES;
				CLANG_ENABLE_OBJC_ARC = YES;
				CLANG_ENABLE_OBJC_WEAK = YES;
				CLANG_WARN_BLOCK_CAPTURE_AUTORELEASING = YES;
				CLANG_WARN_BOOL_CONVERSION = YES;
				CLANG_WARN_COMMA = YES;
				CLANG_WARN_CONSTANT_CONVERSION = YES;
				CLANG_WARN_DEPRECATED_OBJC_IMPLEMENTATIONS = YES;
				CLANG_WARN_DIRECT_OBJC_ISA_USAGE = YES_ERROR;
				CLANG_WARN_DOCUMENTATION_COMMENTS = YES;
				CLANG_WARN_EMPTY_BODY = YES;
				CLANG_WARN_ENUM_CONVERSION = YES;
				CLANG_WARN_INFINITE_RECURSION = YES;
				CLANG_WARN_INT_CONVERSION = YES;
				CLANG_WARN_NON_LITERAL_NULL_CONVERSION = YES;
				CLANG_WARN_OBJC_IMPLICIT_RETAIN_SELF = YES;
				CLANG_WARN_OBJC_LITERAL_CONVERSION = YES;
				CLANG_WARN_OBJC_ROOT_CLASS = YES_ERROR;
				CLANG_WARN_QUOTED_INCLUDE_IN_FRAMEWORK_HEADER = YES;
				CLANG_WARN_RANGE_LOOP_ANALYSIS = YES;
				CLANG_WARN_STRICT_PROTOTYPES = YES;
				CLANG_WARN_SUSPICIOUS_MOVE = YES;
				CLANG_WARN_UNGUARDED_AVAILABILITY = YES_AGGRESSIVE;
				CLANG_WARN_UNREACHABLE_CODE = YES;
				CLANG_WARN__DUPLICATE_METHOD_MATCH = YES;
				COPY_PHASE_STRIP = NO;
				DEBUG_INFORMATION_FORMAT = "dwarf-with-dsym";
				ENABLE_NS_ASSERTIONS = NO;
				ENABLE_STRICT_OBJC_MSGSEND = YES;
				ENABLE_USER_SCRIPT_SANDBOXING = YES;
				GCC_C_LANGUAGE_STANDARD = gnu17;
				GCC_NO_COMMON_BLOCKS = YES;
				GCC_WARN_64_TO_32_BIT_CONVERSION = YES;
				GCC_WARN_ABOUT_RETURN_TYPE = YES_ERROR;
				GCC_WARN_UNDECLARED_SELECTOR = YES;
				GCC_WARN_UNINITIALIZED_AUTOS = YES_AGGRESSIVE;
				GCC_WARN_UNUSED_FUNCTION = YES;
				GCC_WARN_UNUSED_VARIABLE = YES;
				IPHONEOS_DEPLOYMENT_TARGET = 17.2;
				LOCALIZATION_PREFERS_STRING_CATALOGS = YES;
				MTL_ENABLE_DEBUG_INFO = NO;
				MTL_FAST_MATH = YES;
				SDKROOT = iphoneos;
				SWIFT_COMPILATION_MODE = wholemodule;
				VALIDATE_PRODUCT = YES;
			};
			name = Release;
		};
		799758D22B8C291700A7F8D7 /* Debug */ = {
			isa = XCBuildConfiguration;
			buildSettings = {
				ASSETCATALOG_COMPILER_APPICON_NAME = AppIcon;
				ASSETCATALOG_COMPILER_GLOBAL_ACCENT_COLOR_NAME = AccentColor;
				CODE_SIGN_STYLE = Automatic;
				CURRENT_PROJECT_VERSION = 1;
				DEVELOPMENT_ASSET_PATHS = "\"stepaheadapp/Preview Content\"";
				DEVELOPMENT_TEAM = A7W3PW83NK;
				ENABLE_PREVIEWS = YES;
				GENERATE_INFOPLIST_FILE = YES;
				INFOPLIST_KEY_UIApplicationSceneManifest_Generation = YES;
				INFOPLIST_KEY_UIApplicationSupportsIndirectInputEvents = YES;
				INFOPLIST_KEY_UILaunchScreen_Generation = YES;
				INFOPLIST_KEY_UISupportedInterfaceOrientations_iPad = "UIInterfaceOrientationPortrait UIInterfaceOrientationPortraitUpsideDown UIInterfaceOrientationLandscapeLeft UIInterfaceOrientationLandscapeRight";
				INFOPLIST_KEY_UISupportedInterfaceOrientations_iPhone = "UIInterfaceOrientationPortrait UIInterfaceOrientationLandscapeLeft UIInterfaceOrientationLandscapeRight";
				LD_RUNPATH_SEARCH_PATHS = (
					"$(inherited)",
					"@executable_path/Frameworks",
				);
				MARKETING_VERSION = 1.0;
				PRODUCT_BUNDLE_IDENTIFIER = example.com.stepaheadapp;
				PRODUCT_NAME = "$(TARGET_NAME)";
				SWIFT_EMIT_LOC_STRINGS = YES;
				SWIFT_VERSION = 5.0;
				TARGETED_DEVICE_FAMILY = "1,2";
			};
			name = Debug;
		};
		799758D32B8C291700A7F8D7 /* Release */ = {
			isa = XCBuildConfiguration;
			buildSettings = {
				ASSETCATALOG_COMPILER_APPICON_NAME = AppIcon;
				ASSETCATALOG_COMPILER_GLOBAL_ACCENT_COLOR_NAME = AccentColor;
				CODE_SIGN_STYLE = Automatic;
				CURRENT_PROJECT_VERSION = 1;
				DEVELOPMENT_ASSET_PATHS = "\"stepaheadapp/Preview Content\"";
				DEVELOPMENT_TEAM = A7W3PW83NK;
				ENABLE_PREVIEWS = YES;
				GENERATE_INFOPLIST_FILE = YES;
				INFOPLIST_KEY_UIApplicationSceneManifest_Generation = YES;
				INFOPLIST_KEY_UIApplicationSupportsIndirectInputEvents = YES;
				INFOPLIST_KEY_UILaunchScreen_Generation = YES;
				INFOPLIST_KEY_UISupportedInterfaceOrientations_iPad = "UIInterfaceOrientationPortrait UIInterfaceOrientationPortraitUpsideDown UIInterfaceOrientationLandscapeLeft UIInterfaceOrientationLandscapeRight";
				INFOPLIST_KEY_UISupportedInterfaceOrientations_iPhone = "UIInterfaceOrientationPortrait UIInterfaceOrientationLandscapeLeft UIInterfaceOrientationLandscapeRight";
				LD_RUNPATH_SEARCH_PATHS = (
					"$(inherited)",
					"@executable_path/Frameworks",
				);
				MARKETING_VERSION = 1.0;
				PRODUCT_BUNDLE_IDENTIFIER = example.com.stepaheadapp;
				PRODUCT_NAME = "$(TARGET_NAME)";
				SWIFT_EMIT_LOC_STRINGS = YES;
				SWIFT_VERSION = 5.0;
				TARGETED_DEVICE_FAMILY = "1,2";
			};
			name = Release;
		};
		799758D52B8C291700A7F8D7 /* Debug */ = {
			isa = XCBuildConfiguration;
			buildSettings = {
				ALWAYS_EMBED_SWIFT_STANDARD_LIBRARIES = YES;
				BUNDLE_LOADER = "$(TEST_HOST)";
				CODE_SIGN_STYLE = Automatic;
				CURRENT_PROJECT_VERSION = 1;
				DEVELOPMENT_TEAM = A7W3PW83NK;
				GENERATE_INFOPLIST_FILE = YES;
				IPHONEOS_DEPLOYMENT_TARGET = 17.2;
				MARKETING_VERSION = 1.0;
				PRODUCT_BUNDLE_IDENTIFIER = example.com.stepaheadappTests;
				PRODUCT_NAME = "$(TARGET_NAME)";
				SWIFT_EMIT_LOC_STRINGS = NO;
				SWIFT_VERSION = 5.0;
				TARGETED_DEVICE_FAMILY = "1,2";
				TEST_HOST = "$(BUILT_PRODUCTS_DIR)/stepaheadapp.app/$(BUNDLE_EXECUTABLE_FOLDER_PATH)/stepaheadapp";
			};
			name = Debug;
		};
		799758D62B8C291700A7F8D7 /* Release */ = {
			isa = XCBuildConfiguration;
			buildSettings = {
				ALWAYS_EMBED_SWIFT_STANDARD_LIBRARIES = YES;
				BUNDLE_LOADER = "$(TEST_HOST)";
				CODE_SIGN_STYLE = Automatic;
				CURRENT_PROJECT_VERSION = 1;
				DEVELOPMENT_TEAM = A7W3PW83NK;
				GENERATE_INFOPLIST_FILE = YES;
				IPHONEOS_DEPLOYMENT_TARGET = 17.2;
				MARKETING_VERSION = 1.0;
				PRODUCT_BUNDLE_IDENTIFIER = example.com.stepaheadappTests;
				PRODUCT_NAME = "$(TARGET_NAME)";
				SWIFT_EMIT_LOC_STRINGS = NO;
				SWIFT_VERSION = 5.0;
				TARGETED_DEVICE_FAMILY = "1,2";
				TEST_HOST = "$(BUILT_PRODUCTS_DIR)/stepaheadapp.app/$(BUNDLE_EXECUTABLE_FOLDER_PATH)/stepaheadapp";
			};
			name = Release;
		};
		799758D82B8C291700A7F8D7 /* Debug */ = {
			isa = XCBuildConfiguration;
			buildSettings = {
				ALWAYS_EMBED_SWIFT_STANDARD_LIBRARIES = YES;
				CODE_SIGN_STYLE = Automatic;
				CURRENT_PROJECT_VERSION = 1;
				DEVELOPMENT_TEAM = A7W3PW83NK;
				GENERATE_INFOPLIST_FILE = YES;
				MARKETING_VERSION = 1.0;
				PRODUCT_BUNDLE_IDENTIFIER = example.com.stepaheadappUITests;
				PRODUCT_NAME = "$(TARGET_NAME)";
				SWIFT_EMIT_LOC_STRINGS = NO;
				SWIFT_VERSION = 5.0;
				TARGETED_DEVICE_FAMILY = "1,2";
				TEST_TARGET_NAME = stepaheadapp;
			};
			name = Debug;
		};
		799758D92B8C291700A7F8D7 /* Release */ = {
			isa = XCBuildConfiguration;
			buildSettings = {
				ALWAYS_EMBED_SWIFT_STANDARD_LIBRARIES = YES;
				CODE_SIGN_STYLE = Automatic;
				CURRENT_PROJECT_VERSION = 1;
				DEVELOPMENT_TEAM = A7W3PW83NK;
				GENERATE_INFOPLIST_FILE = YES;
				MARKETING_VERSION = 1.0;
				PRODUCT_BUNDLE_IDENTIFIER = example.com.stepaheadappUITests;
				PRODUCT_NAME = "$(TARGET_NAME)";
				SWIFT_EMIT_LOC_STRINGS = NO;
				SWIFT_VERSION = 5.0;
				TARGETED_DEVICE_FAMILY = "1,2";
				TEST_TARGET_NAME = stepaheadapp;
			};
			name = Release;
		};
/* End XCBuildConfiguration section */

/* Begin XCConfigurationList section */
		799758A82B8C291600A7F8D7 /* Build configuration list for PBXProject "stepaheadapp" */ = {
			isa = XCConfigurationList;
			buildConfigurations = (
				799758CF2B8C291700A7F8D7 /* Debug */,
				799758D02B8C291700A7F8D7 /* Release */,
			);
			defaultConfigurationIsVisible = 0;
			defaultConfigurationName = Release;
		};
		799758D12B8C291700A7F8D7 /* Build configuration list for PBXNativeTarget "stepaheadapp" */ = {
			isa = XCConfigurationList;
			buildConfigurations = (
				799758D22B8C291700A7F8D7 /* Debug */,
				799758D32B8C291700A7F8D7 /* Release */,
			);
			defaultConfigurationIsVisible = 0;
			defaultConfigurationName = Release;
		};
		799758D42B8C291700A7F8D7 /* Build configuration list for PBXNativeTarget "stepaheadappTests" */ = {
			isa = XCConfigurationList;
			buildConfigurations = (
				799758D52B8C291700A7F8D7 /* Debug */,
				799758D62B8C291700A7F8D7 /* Release */,
			);
			defaultConfigurationIsVisible = 0;
			defaultConfigurationName = Release;
		};
		799758D72B8C291700A7F8D7 /* Build configuration list for PBXNativeTarget "stepaheadappUITests" */ = {
			isa = XCConfigurationList;
			buildConfigurations = (
				799758D82B8C291700A7F8D7 /* Debug */,
				799758D92B8C291700A7F8D7 /* Release */,
			);
			defaultConfigurationIsVisible = 0;
			defaultConfigurationName = Release;
		};
/* End XCConfigurationList section */
	};
	rootObject = 799758A52B8C291600A7F8D7 /* Project object */;
}
